
Microsoft Visual Studio Solution File, Format Version 12.00
# Visual Studio Version 17
VisualStudioVersion = 17.14.36705.20 d17.14
MinimumVisualStudioVersion = 10.0.40219.1
Project("{FAE04EC0-301F-11D3-BF4B-00C04F79EFBC}") = "AJ Basic App GitHub", "AJ Basic App GitHub\AJ Basic App GitHub.csproj", "{7E279B0B-87ED-445A-8EEF-670491ACC945}"
EndProject
Project("{FAE04EC0-301F-11D3-BF4B-00C04F79EFBC}") = "AJ_Basic_App_Core.Tests’", "AJ_Basic_App_Core.Tests’\AJ_Basic_App_Core.Tests’.csproj", "{EBF82C7B-6699-4A37-9B4D-48884EDAF9EA}"
EndProject
Global
	GlobalSection(SolutionConfigurationPlatforms) = preSolution
		Debug|Any CPU = Debug|Any CPU
		Release|Any CPU = Release|Any CPU
	EndGlobalSection
	GlobalSection(ProjectConfigurationPlatforms) = postSolution
		{7E279B0B-87ED-445A-8EEF-670491ACC945}.Debug|Any CPU.ActiveCfg = Debug|Any CPU
		{7E279B0B-87ED-445A-8EEF-670491ACC945}.Debug|Any CPU.Build.0 = Debug|Any CPU
		{7E279B0B-87ED-445A-8EEF-670491ACC945}.Release|Any CPU.ActiveCfg = Release|Any CPU
		{7E279B0B-87ED-445A-8EEF-670491ACC945}.Release|Any CPU.Build.0 = Release|Any CPU
		{EBF82C7B-6699-4A37-9B4D-48884EDAF9EA}.Debug|Any CPU.ActiveCfg = Debug|Any CPU
		{EBF82C7B-6699-4A37-9B4D-48884EDAF9EA}.Debug|Any CPU.Build.0 = Debug|Any CPU
		{EBF82C7B-6699-4A37-9B4D-48884EDAF9EA}.Release|Any CPU.ActiveCfg = Release|Any CPU
		{EBF82C7B-6699-4A37-9B4D-48884EDAF9EA}.Release|Any CPU.Build.0 = Release|Any CPU
	EndGlobalSection
	GlobalSection(SolutionProperties) = preSolution
		HideSolutionNode = FALSE
	EndGlobalSection
	GlobalSection(ExtensibilityGlobals) = postSolution
		SolutionGuid = {FC823502-DAD9-49C9-AAFC-F98A29BE4F1E}
	EndGlobalSection
EndGlobal
